// !$*UTF8*$!
{
	archiveVersion = 1;
	classes = {
	};
	objectVersion = 50;
	objects = {

/* Begin PBXBuildFile section */
		761DBDA723F548FD00EE6055 /* AppDelegate.swift in Sources */ = {isa = PBXBuildFile; fileRef = 761DBDA623F548FD00EE6055 /* AppDelegate.swift */; };
		761DBDA923F548FD00EE6055 /* SceneDelegate.swift in Sources */ = {isa = PBXBuildFile; fileRef = 761DBDA823F548FD00EE6055 /* SceneDelegate.swift */; };
		761DBDAB23F548FD00EE6055 /* ViewController.swift in Sources */ = {isa = PBXBuildFile; fileRef = 761DBDAA23F548FD00EE6055 /* ViewController.swift */; };
		761DBDAE23F548FD00EE6055 /* Main.storyboard in Resources */ = {isa = PBXBuildFile; fileRef = 761DBDAC23F548FD00EE6055 /* Main.storyboard */; };
		761DBDB023F548FE00EE6055 /* Assets.xcassets in Resources */ = {isa = PBXBuildFile; fileRef = 761DBDAF23F548FE00EE6055 /* Assets.xcassets */; };
		761DBDB323F548FE00EE6055 /* LaunchScreen.storyboard in Resources */ = {isa = PBXBuildFile; fileRef = 761DBDB123F548FE00EE6055 /* LaunchScreen.storyboard */; };
/* End PBXBuildFile section */

/* Begin PBXFileReference section */
		761DBDA323F548FD00EE6055 /* StudyToAPI.app */ = {isa = PBXFileReference; explicitFileType = wrapper.application; includeInIndex = 0; path = StudyToAPI.app; sourceTree = BUILT_PRODUCTS_DIR; };
		761DBDA623F548FD00EE6055 /* AppDelegate.swift */ = {isa = PBXFileReference; lastKnownFileType = sourcecode.swift; path = AppDelegate.swift; sourceTree = "<group>"; };
		761DBDA823F548FD00EE6055 /* SceneDelegate.swift */ = {isa = PBXFileReference; lastKnownFileType = sourcecode.swift; path = SceneDelegate.swift; sourceTree = "<group>"; };
		761DBDAA23F548FD00EE6055 /* ViewController.swift */ = {isa = PBXFileReference; lastKnownFileType = sourcecode.swift; path = ViewController.swift; sourceTree = "<group>"; };
		761DBDAD23F548FD00EE6055 /* Base */ = {isa = PBXFileReference; lastKnownFileType = file.storyboard; name = Base; path = Base.lproj/Main.storyboard; sourceTree = "<group>"; };
		761DBDAF23F548FE00EE6055 /* Assets.xcassets */ = {isa = PBXFileReference; lastKnownFileType = folder.assetcatalog; path = Assets.xcassets; sourceTree = "<group>"; };
		761DBDB223F548FE00EE6055 /* Base */ = {isa = PBXFileReference; lastKnownFileType = file.storyboard; name = Base; path = Base.lproj/LaunchScreen.storyboard; sourceTree = "<group>"; };
		761DBDB423F548FE00EE6055 /* Info.plist */ = {isa = PBXFileReference; lastKnownFileType = text.plist.xml; path = Info.plist; sourceTree = "<group>"; };
/* End PBXFileReference section */

/* Begin PBXFrameworksBuildPhase section */
		761DBDA023F548FD00EE6055 /* Frameworks */ = {
			isa = PBXFrameworksBuildPhase;
			buildActionMask = 2147483647;
			files = (
			);
			runOnlyForDeploymentPostprocessing = 0;
		};
/* End PBXFrameworksBuildPhase section */

/* Begin PBXGroup section */
		761DBD9A23F548FD00EE6055 = {
			isa = PBXGroup;
			children = (
				761DBDA523F548FD00EE6055 /* StudyToAPI */,
				761DBDA423F548FD00EE6055 /* Products */,
			);
			sourceTree = "<group>";
		};
		761DBDA423F548FD00EE6055 /* Products */ = {
			isa = PBXGroup;
			children = (
				761DBDA323F548FD00EE6055 /* StudyToAPI.app */,
			);
			name = Products;
			sourceTree = "<group>";
		};
		761DBDA523F548FD00EE6055 /* StudyToAPI */ = {
			isa = PBXGroup;
			children = (
				761DBDBE23F5493500EE6055 /* Resource */,
				761DBDBD23F5492B00EE6055 /* AppDelegate */,
				761DBDBA23F5490E00EE6055 /* Application */,
			);
			path = StudyToAPI;
			sourceTree = "<group>";
		};
		761DBDBA23F5490E00EE6055 /* Application */ = {
			isa = PBXGroup;
			children = (
				761DBDBC23F5492100EE6055 /* Launch */,
				761DBDBB23F5491600EE6055 /* Main */,
			);
			path = Application;
			sourceTree = "<group>";
		};
		761DBDBB23F5491600EE6055 /* Main */ = {
			isa = PBXGroup;
			children = (
				761DBDAC23F548FD00EE6055 /* Main.storyboard */,
				761DBDAA23F548FD00EE6055 /* ViewController.swift */,
			);
			path = Main;
			sourceTree = "<group>";
		};
		761DBDBC23F5492100EE6055 /* Launch */ = {
			isa = PBXGroup;
			children = (
				761DBDB123F548FE00EE6055 /* LaunchScreen.storyboard */,
			);
			path = Launch;
			sourceTree = "<group>";
		};
		761DBDBD23F5492B00EE6055 /* AppDelegate */ = {
			isa = PBXGroup;
			children = (
				761DBDA623F548FD00EE6055 /* AppDelegate.swift */,
				761DBDA823F548FD00EE6055 /* SceneDelegate.swift */,
			);
			path = AppDelegate;
			sourceTree = "<group>";
		};
		761DBDBE23F5493500EE6055 /* Resource */ = {
			isa = PBXGroup;
			children = (
				761DBDAF23F548FE00EE6055 /* Assets.xcassets */,
				761DBDB423F548FE00EE6055 /* Info.plist */,
			);
			path = Resource;
			sourceTree = "<group>";
		};
/* End PBXGroup section */

/* Begin PBXNativeTarget section */
		761DBDA223F548FD00EE6055 /* StudyToAPI */ = {
			isa = PBXNativeTarget;
			buildConfigurationList = 761DBDB723F548FE00EE6055 /* Build configuration list for PBXNativeTarget "StudyToAPI" */;
			buildPhases = (
				761DBD9F23F548FD00EE6055 /* Sources */,
				761DBDA023F548FD00EE6055 /* Frameworks */,
				761DBDA123F548FD00EE6055 /* Resources */,
			);
			buildRules = (
			);
			dependencies = (
			);
			name = StudyToAPI;
			productName = StudyToAPI;
			productReference = 761DBDA323F548FD00EE6055 /* StudyToAPI.app */;
			productType = "com.apple.product-type.application";
		};
/* End PBXNativeTarget section */

/* Begin PBXProject section */
		761DBD9B23F548FD00EE6055 /* Project object */ = {
			isa = PBXProject;
			attributes = {
				LastSwiftUpdateCheck = 1130;
				LastUpgradeCheck = 1130;
				ORGANIZATIONNAME = Moonift;
				TargetAttributes = {
					761DBDA223F548FD00EE6055 = {
						CreatedOnToolsVersion = 11.3.1;
					};
				};
			};
			buildConfigurationList = 761DBD9E23F548FD00EE6055 /* Build configuration list for PBXProject "StudyToAPI" */;
			compatibilityVersion = "Xcode 9.3";
			developmentRegion = en;
			hasScannedForEncodings = 0;
			knownRegions = (
				en,
				Base,
			);
			mainGroup = 761DBD9A23F548FD00EE6055;
			productRefGroup = 761DBDA423F548FD00EE6055 /* Products */;
			projectDirPath = "";
			projectRoot = "";
			targets = (
				761DBDA223F548FD00EE6055 /* StudyToAPI */,
			);
		};
/* End PBXProject section */

/* Begin PBXResourcesBuildPhase section */
		761DBDA123F548FD00EE6055 /* Resources */ = {
			isa = PBXResourcesBuildPhase;
			buildActionMask = 2147483647;
			files = (
				761DBDB323F548FE00EE6055 /* LaunchScreen.storyboard in Resources */,
				761DBDB023F548FE00EE6055 /* Assets.xcassets in Resources */,
				761DBDAE23F548FD00EE6055 /* Main.storyboard in Resources */,
			);
			runOnlyForDeploymentPostprocessing = 0;
		};
/* End PBXResourcesBuildPhase section */

/* Begin PBXSourcesBuildPhase section */
		761DBD9F23F548FD00EE6055 /* Sources */ = {
			isa = PBXSourcesBuildPhase;
			buildActionMask = 2147483647;
			files = (
				761DBDAB23F548FD00EE6055 /* ViewController.swift in Sources */,
				761DBDA723F548FD00EE6055 /* AppDelegate.swift in Sources */,
				761DBDA923F548FD00EE6055 /* SceneDelegate.swift in Sources */,
			);
			runOnlyForDeploymentPostprocessing = 0;
		};
/* End PBXSourcesBuildPhase section */

/* Begin PBXVariantGroup section */
		761DBDAC23F548FD00EE6055 /* Main.storyboard */ = {
			isa = PBXVariantGroup;
			children = (
				761DBDAD23F548FD00EE6055 /* Base */,
			);
			name = Main.storyboard;
			sourceTree = "<group>";
		};
		761DBDB123F548FE00EE6055 /* LaunchScreen.storyboard */ = {
			isa = PBXVariantGroup;
			children = (
				761DBDB223F548FE00EE6055 /* Base */,
			);
			name = LaunchScreen.storyboard;
			sourceTree = "<group>";
		};
/* End PBXVariantGroup section */

/* Begin XCBuildConfiguration section */
		761DBDB523F548FE00EE6055 /* Debug */ = {
			isa = XCBuildConfiguration;
			buildSettings = {
				ALWAYS_SEARCH_USER_PATHS = NO;
				CLANG_ANALYZER_NONNULL = YES;
				CLANG_ANALYZER_NUMBER_OBJECT_CONVERSION = YES_AGGRESSIVE;
				CLANG_CXX_LANGUAGE_STANDARD = "gnu++14";
				CLANG_CXX_LIBRARY = "libc++";
				CLANG_ENABLE_MODULES = YES;
				CLANG_ENABLE_OBJC_ARC = YES;
				CLANG_ENABLE_OBJC_WEAK = YES;
				CLANG_WARN_BLOCK_CAPTURE_AUTORELEASING = YES;
				CLANG_WARN_BOOL_CONVERSION = YES;
				CLANG_WARN_COMMA = YES;
				CLANG_WARN_CONSTANT_CONVERSION = YES;
				CLANG_WARN_DEPRECATED_OBJC_IMPLEMENTATIONS = YES;
				CLANG_WARN_DIRECT_OBJC_ISA_USAGE = YES_ERROR;
				CLANG_WARN_DOCUMENTATION_COMMENTS = YES;
				CLANG_WARN_EMPTY_BODY = YES;
				CLANG_WARN_ENUM_CONVERSION = YES;
				CLANG_WARN_INFINITE_RECURSION = YES;
				CLANG_WARN_INT_CONVERSION = YES;
				CLANG_WARN_NON_LITERAL_NULL_CONVERSION = YES;
				CLANG_WARN_OBJC_IMPLICIT_RETAIN_SELF = YES;
				CLANG_WARN_OBJC_LITERAL_CONVERSION = YES;
				CLANG_WARN_OBJC_ROOT_CLASS = YES_ERROR;
				CLANG_WARN_RANGE_LOOP_ANALYSIS = YES;
				CLANG_WARN_STRICT_PROTOTYPES = YES;
				CLANG_WARN_SUSPICIOUS_MOVE = YES;
				CLANG_WARN_UNGUARDED_AVAILABILITY = YES_AGGRESSIVE;
				CLANG_WARN_UNREACHABLE_CODE = YES;
				CLANG_WARN__DUPLICATE_METHOD_MATCH = YES;
				COPY_PHASE_STRIP = NO;
				DEBUG_INFORMATION_FORMAT = dwarf;
				ENABLE_STRICT_OBJC_MSGSEND = YES;
				ENABLE_TESTABILITY = YES;
				GCC_C_LANGUAGE_STANDARD = gnu11;
				GCC_DYNAMIC_NO_PIC = NO;
				GCC_NO_COMMON_BLOCKS = YES;
				GCC_OPTIMIZATION_LEVEL = 0;
				GCC_PREPROCESSOR_DEFINITIONS = (
					"DEBUG=1",
					"$(inherited)",
				);
				GCC_WARN_64_TO_32_BIT_CONVERSION = YES;
				GCC_WARN_ABOUT_RETURN_TYPE = YES_ERROR;
				GCC_WARN_UNDECLARED_SELECTOR = YES;
				GCC_WARN_UNINITIALIZED_AUTOS = YES_AGGRESSIVE;
				GCC_WARN_UNUSED_FUNCTION = YES;
				GCC_WARN_UNUSED_VARIABLE = YES;
				IPHONEOS_DEPLOYMENT_TARGET = 13.2;
				MTL_ENABLE_DEBUG_INFO = INCLUDE_SOURCE;
				MTL_FAST_MATH = YES;
				ONLY_ACTIVE_ARCH = YES;
				SDKROOT = iphoneos;
				SWIFT_ACTIVE_COMPILATION_CONDITIONS = DEBUG;
				SWIFT_OPTIMIZATION_LEVEL = "-Onone";
			};
			name = Debug;
		};
		761DBDB623F548FE00EE6055 /* Release */ = {
			isa = XCBuildConfiguration;
			buildSettings = {
				ALWAYS_SEARCH_USER_PATHS = NO;
				CLANG_ANALYZER_NONNULL = YES;
				CLANG_ANALYZER_NUMBER_OBJECT_CONVERSION = YES_AGGRESSIVE;
				CLANG_CXX_LANGUAGE_STANDARD = "gnu++14";
				CLANG_CXX_LIBRARY = "libc++";
				CLANG_ENABLE_MODULES = YES;
				CLANG_ENABLE_OBJC_ARC = YES;
				CLANG_ENABLE_OBJC_WEAK = YES;
				CLANG_WARN_BLOCK_CAPTURE_AUTORELEASING = YES;
				CLANG_WARN_BOOL_CONVERSION = YES;
				CLANG_WARN_COMMA = YES;
				CLANG_WARN_CONSTANT_CONVERSION = YES;
				CLANG_WARN_DEPRECATED_OBJC_IMPLEMENTATIONS = YES;
				CLANG_WARN_DIRECT_OBJC_ISA_USAGE = YES_ERROR;
				CLANG_WARN_DOCUMENTATION_COMMENTS = YES;
				CLANG_WARN_EMPTY_BODY = YES;
				CLANG_WARN_ENUM_CONVERSION = YES;
				CLANG_WARN_INFINITE_RECURSION = YES;
				CLANG_WARN_INT_CONVERSION = YES;
				CLANG_WARN_NON_LITERAL_NULL_CONVERSION = YES;
				CLANG_WARN_OBJC_IMPLICIT_RETAIN_SELF = YES;
				CLANG_WARN_OBJC_LITERAL_CONVERSION = YES;
				CLANG_WARN_OBJC_ROOT_CLASS = YES_ERROR;
				CLANG_WARN_RANGE_LOOP_ANALYSIS = YES;
				CLANG_WARN_STRICT_PROTOTYPES = YES;
				CLANG_WARN_SUSPICIOUS_MOVE = YES;
				CLANG_WARN_UNGUARDED_AVAILABILITY = YES_AGGRESSIVE;
				CLANG_WARN_UNREACHABLE_CODE = YES;
				CLANG_WARN__DUPLICATE_METHOD_MATCH = YES;
				COPY_PHASE_STRIP = NO;
				DEBUG_INFORMATION_FORMAT = "dwarf-with-dsym";
				ENABLE_NS_ASSERTIONS = NO;
				ENABLE_STRICT_OBJC_MSGSEND = YES;
				GCC_C_LANGUAGE_STANDARD = gnu11;
				GCC_NO_COMMON_BLOCKS = YES;
				GCC_WARN_64_TO_32_BIT_CONVERSION = YES;
				GCC_WARN_ABOUT_RETURN_TYPE = YES_ERROR;
				GCC_WARN_UNDECLARED_SELECTOR = YES;
				GCC_WARN_UNINITIALIZED_AUTOS = YES_AGGRESSIVE;
				GCC_WARN_UNUSED_FUNCTION = YES;
				GCC_WARN_UNUSED_VARIABLE = YES;
				IPHONEOS_DEPLOYMENT_TARGET = 13.2;
				MTL_ENABLE_DEBUG_INFO = NO;
				MTL_FAST_MATH = YES;
				SDKROOT = iphoneos;
				SWIFT_COMPILATION_MODE = wholemodule;
				SWIFT_OPTIMIZATION_LEVEL = "-O";
				VALIDATE_PRODUCT = YES;
			};
			name = Release;
		};
		761DBDB823F548FE00EE6055 /* Debug */ = {
			isa = XCBuildConfiguration;
			buildSettings = {
				ASSETCATALOG_COMPILER_APPICON_NAME = AppIcon;
				CODE_SIGN_STYLE = Automatic;
				DEVELOPMENT_TEAM = 994BWAVX9G;
				INFOPLIST_FILE = StudyToAPI/Resource/Info.plist;
				IPHONEOS_DEPLOYMENT_TARGET = 10.0;
				LD_RUNPATH_SEARCH_PATHS = (
					"$(inherited)",
					"@executable_path/Frameworks",
				);
				PRODUCT_BUNDLE_IDENTIFIER = com.Moonift.StudyToAPI;
				PRODUCT_NAME = "$(TARGET_NAME)";
				SWIFT_VERSION = 5.0;
				TARGETED_DEVICE_FAMILY = 1;
			};
			name = Debug;
		};
		761DBDB923F548FE00EE6055 /* Release */ = {
			isa = XCBuildConfiguration;
			buildSettings = {
				ASSETCATALOG_COMPILER_APPICON_NAME = AppIcon;
				CODE_SIGN_STYLE = Automatic;
				DEVELOPMENT_TEAM = 994BWAVX9G;
				INFOPLIST_FILE = StudyToAPI/Resource/Info.plist;
				IPHONEOS_DEPLOYMENT_TARGET = 10.0;
				LD_RUNPATH_SEARCH_PATHS = (
					"$(inherited)",
					"@executable_path/Frameworks",
				);
				PRODUCT_BUNDLE_IDENTIFIER = com.Moonift.StudyToAPI;
				PRODUCT_NAME = "$(TARGET_NAME)";
				SWIFT_VERSION = 5.0;
				TARGETED_DEVICE_FAMILY = 1;
			};
			name = Release;
		};
/* End XCBuildConfiguration section */

/* Begin XCConfigurationList section */
		761DBD9E23F548FD00EE6055 /* Build configuration list for PBXProject "StudyToAPI" */ = {
			isa = XCConfigurationList;
			buildConfigurations = (
				761DBDB523F548FE00EE6055 /* Debug */,
				761DBDB623F548FE00EE6055 /* Release */,
			);
			defaultConfigurationIsVisible = 0;
			defaultConfigurationName = Release;
		};
		761DBDB723F548FE00EE6055 /* Build configuration list for PBXNativeTarget "StudyToAPI" */ = {
			isa = XCConfigurationList;
			buildConfigurations = (
				761DBDB823F548FE00EE6055 /* Debug */,
				761DBDB923F548FE00EE6055 /* Release */,
			);
			defaultConfigurationIsVisible = 0;
			defaultConfigurationName = Release;
		};
/* End XCConfigurationList section */
	};
	rootObject = 761DBD9B23F548FD00EE6055 /* Project object */;
}
